// !$*UTF8*$!
{
	archiveVersion = 1;
	classes = {
	};
	objectVersion = 46;
	objects = {

/* Begin PBXBuildFile section */
		7200A11F1EB040B900E40245 /* AppDelegate.swift in Sources */ = {isa = PBXBuildFile; fileRef = 7200A11E1EB040B900E40245 /* AppDelegate.swift */; };
		7200A1211EB040B900E40245 /* ViewController.swift in Sources */ = {isa = PBXBuildFile; fileRef = 7200A1201EB040B900E40245 /* ViewController.swift */; };
		7200A1241EB040B900E40245 /* Main.storyboard in Resources */ = {isa = PBXBuildFile; fileRef = 7200A1221EB040B900E40245 /* Main.storyboard */; };
		7200A1261EB040B900E40245 /* Assets.xcassets in Resources */ = {isa = PBXBuildFile; fileRef = 7200A1251EB040B900E40245 /* Assets.xcassets */; };
		7200A1291EB040B900E40245 /* LaunchScreen.storyboard in Resources */ = {isa = PBXBuildFile; fileRef = 7200A1271EB040B900E40245 /* LaunchScreen.storyboard */; };
		7200A1341EB040B900E40245 /* jifenban2Tests.swift in Sources */ = {isa = PBXBuildFile; fileRef = 7200A1331EB040B900E40245 /* jifenban2Tests.swift */; };
		7200A13F1EB040B900E40245 /* jifenban2UITests.swift in Sources */ = {isa = PBXBuildFile; fileRef = 7200A13E1EB040B900E40245 /* jifenban2UITests.swift */; };
		7200A14D1EB0447B00E40245 /* timg.jpeg in Resources */ = {isa = PBXBuildFile; fileRef = 7200A14C1EB0447B00E40245 /* timg.jpeg */; };
/* End PBXBuildFile section */

/* Begin PBXContainerItemProxy section */
		7200A1301EB040B900E40245 /* PBXContainerItemProxy */ = {
			isa = PBXContainerItemProxy;
			containerPortal = 7200A1131EB040B900E40245 /* Project object */;
			proxyType = 1;
			remoteGlobalIDString = 7200A11A1EB040B900E40245;
			remoteInfo = jifenban2;
		};
		7200A13B1EB040B900E40245 /* PBXContainerItemProxy */ = {
			isa = PBXContainerItemProxy;
			containerPortal = 7200A1131EB040B900E40245 /* Project object */;
			proxyType = 1;
			remoteGlobalIDString = 7200A11A1EB040B900E40245;
			remoteInfo = jifenban2;
		};
/* End PBXContainerItemProxy section */

/* Begin PBXFileReference section */
		7200A11B1EB040B900E40245 /* jifenban2.app */ = {isa = PBXFileReference; explicitFileType = wrapper.application; includeInIndex = 0; path = jifenban2.app; sourceTree = BUILT_PRODUCTS_DIR; };
		7200A11E1EB040B900E40245 /* AppDelegate.swift */ = {isa = PBXFileReference; lastKnownFileType = sourcecode.swift; path = AppDelegate.swift; sourceTree = "<group>"; };
		7200A1201EB040B900E40245 /* ViewController.swift */ = {isa = PBXFileReference; lastKnownFileType = sourcecode.swift; path = ViewController.swift; sourceTree = "<group>"; };
		7200A1231EB040B900E40245 /* Base */ = {isa = PBXFileReference; lastKnownFileType = file.storyboard; name = Base; path = Base.lproj/Main.storyboard; sourceTree = "<group>"; };
		7200A1251EB040B900E40245 /* Assets.xcassets */ = {isa = PBXFileReference; lastKnownFileType = folder.assetcatalog; path = Assets.xcassets; sourceTree = "<group>"; };
		7200A1281EB040B900E40245 /* Base */ = {isa = PBXFileReference; lastKnownFileType = file.storyboard; name = Base; path = Base.lproj/LaunchScreen.storyboard; sourceTree = "<group>"; };
		7200A12A1EB040B900E40245 /* Info.plist */ = {isa = PBXFileReference; lastKnownFileType = text.plist.xml; path = Info.plist; sourceTree = "<group>"; };
		7200A12F1EB040B900E40245 /* jifenban2Tests.xctest */ = {isa = PBXFileReference; explicitFileType = wrapper.cfbundle; includeInIndex = 0; path = jifenban2Tests.xctest; sourceTree = BUILT_PRODUCTS_DIR; };
		7200A1331EB040B900E40245 /* jifenban2Tests.swift */ = {isa = PBXFileReference; lastKnownFileType = sourcecode.swift; path = jifenban2Tests.swift; sourceTree = "<group>"; };
		7200A1351EB040B900E40245 /* Info.plist */ = {isa = PBXFileReference; lastKnownFileType = text.plist.xml; path = Info.plist; sourceTree = "<group>"; };
		7200A13A1EB040B900E40245 /* jifenban2UITests.xctest */ = {isa = PBXFileReference; explicitFileType = wrapper.cfbundle; includeInIndex = 0; path = jifenban2UITests.xctest; sourceTree = BUILT_PRODUCTS_DIR; };
		7200A13E1EB040B900E40245 /* jifenban2UITests.swift */ = {isa = PBXFileReference; lastKnownFileType = sourcecode.swift; path = jifenban2UITests.swift; sourceTree = "<group>"; };
		7200A1401EB040B900E40245 /* Info.plist */ = {isa = PBXFileReference; lastKnownFileType = text.plist.xml; path = Info.plist; sourceTree = "<group>"; };
		7200A14C1EB0447B00E40245 /* timg.jpeg */ = {isa = PBXFileReference; lastKnownFileType = image.jpeg; name = timg.jpeg; path = ../../timg.jpeg; sourceTree = "<group>"; };
/* End PBXFileReference section */

/* Begin PBXFrameworksBuildPhase section */
		7200A1181EB040B900E40245 /* Frameworks */ = {
			isa = PBXFrameworksBuildPhase;
			buildActionMask = 2147483647;
			files = (
			);
			runOnlyForDeploymentPostprocessing = 0;
		};
		7200A12C1EB040B900E40245 /* Frameworks */ = {
			isa = PBXFrameworksBuildPhase;
			buildActionMask = 2147483647;
			files = (
			);
			runOnlyForDeploymentPostprocessing = 0;
		};
		7200A1371EB040B900E40245 /* Frameworks */ = {
			isa = PBXFrameworksBuildPhase;
			buildActionMask = 2147483647;
			files = (
			);
			runOnlyForDeploymentPostprocessing = 0;
		};
/* End PBXFrameworksBuildPhase section */

/* Begin PBXGroup section */
		7200A1121EB040B900E40245 = {
			isa = PBXGroup;
			children = (
				7200A11D1EB040B900E40245 /* jifenban2 */,
				7200A1321EB040B900E40245 /* jifenban2Tests */,
				7200A13D1EB040B900E40245 /* jifenban2UITests */,
				7200A11C1EB040B900E40245 /* Products */,
			);
			sourceTree = "<group>";
		};
		7200A11C1EB040B900E40245 /* Products */ = {
			isa = PBXGroup;
			children = (
				7200A11B1EB040B900E40245 /* jifenban2.app */,
				7200A12F1EB040B900E40245 /* jifenban2Tests.xctest */,
				7200A13A1EB040B900E40245 /* jifenban2UITests.xctest */,
			);
			name = Products;
			sourceTree = "<group>";
		};
		7200A11D1EB040B900E40245 /* jifenban2 */ = {
			isa = PBXGroup;
			children = (
				7200A14C1EB0447B00E40245 /* timg.jpeg */,
				7200A11E1EB040B900E40245 /* AppDelegate.swift */,
				7200A1201EB040B900E40245 /* ViewController.swift */,
				7200A1221EB040B900E40245 /* Main.storyboard */,
				7200A1251EB040B900E40245 /* Assets.xcassets */,
				7200A1271EB040B900E40245 /* LaunchScreen.storyboard */,
				7200A12A1EB040B900E40245 /* Info.plist */,
			);
			path = jifenban2;
			sourceTree = "<group>";
		};
		7200A1321EB040B900E40245 /* jifenban2Tests */ = {
			isa = PBXGroup;
			children = (
				7200A1331EB040B900E40245 /* jifenban2Tests.swift */,
				7200A1351EB040B900E40245 /* Info.plist */,
			);
			path = jifenban2Tests;
			sourceTree = "<group>";
		};
		7200A13D1EB040B900E40245 /* jifenban2UITests */ = {
			isa = PBXGroup;
			children = (
				7200A13E1EB040B900E40245 /* jifenban2UITests.swift */,
				7200A1401EB040B900E40245 /* Info.plist */,
			);
			path = jifenban2UITests;
			sourceTree = "<group>";
		};
/* End PBXGroup section */

/* Begin PBXNativeTarget section */
		7200A11A1EB040B900E40245 /* jifenban2 */ = {
			isa = PBXNativeTarget;
			buildConfigurationList = 7200A1431EB040B900E40245 /* Build configuration list for PBXNativeTarget "jifenban2" */;
			buildPhases = (
				7200A1171EB040B900E40245 /* Sources */,
				7200A1181EB040B900E40245 /* Frameworks */,
				7200A1191EB040B900E40245 /* Resources */,
			);
			buildRules = (
			);
			dependencies = (
			);
			name = jifenban2;
			productName = jifenban2;
			productReference = 7200A11B1EB040B900E40245 /* jifenban2.app */;
			productType = "com.apple.product-type.application";
		};
		7200A12E1EB040B900E40245 /* jifenban2Tests */ = {
			isa = PBXNativeTarget;
			buildConfigurationList = 7200A1461EB040B900E40245 /* Build configuration list for PBXNativeTarget "jifenban2Tests" */;
			buildPhases = (
				7200A12B1EB040B900E40245 /* Sources */,
				7200A12C1EB040B900E40245 /* Frameworks */,
				7200A12D1EB040B900E40245 /* Resources */,
			);
			buildRules = (
			);
			dependencies = (
				7200A1311EB040B900E40245 /* PBXTargetDependency */,
			);
			name = jifenban2Tests;
			productName = jifenban2Tests;
			productReference = 7200A12F1EB040B900E40245 /* jifenban2Tests.xctest */;
			productType = "com.apple.product-type.bundle.unit-test";
		};
		7200A1391EB040B900E40245 /* jifenban2UITests */ = {
			isa = PBXNativeTarget;
			buildConfigurationList = 7200A1491EB040B900E40245 /* Build configuration list for PBXNativeTarget "jifenban2UITests" */;
			buildPhases = (
				7200A1361EB040B900E40245 /* Sources */,
				7200A1371EB040B900E40245 /* Frameworks */,
				7200A1381EB040B900E40245 /* Resources */,
			);
			buildRules = (
			);
			dependencies = (
				7200A13C1EB040B900E40245 /* PBXTargetDependency */,
			);
			name = jifenban2UITests;
			productName = jifenban2UITests;
			productReference = 7200A13A1EB040B900E40245 /* jifenban2UITests.xctest */;
			productType = "com.apple.product-type.bundle.ui-testing";
		};
/* End PBXNativeTarget section */

/* Begin PBXProject section */
		7200A1131EB040B900E40245 /* Project object */ = {
			isa = PBXProject;
			attributes = {
				LastSwiftUpdateCheck = 0730;
				LastUpgradeCheck = 0730;
				ORGANIZATIONNAME = liuyuxuan;
				TargetAttributes = {
					7200A11A1EB040B900E40245 = {
						CreatedOnToolsVersion = 7.3.1;
					};
					7200A12E1EB040B900E40245 = {
						CreatedOnToolsVersion = 7.3.1;
						TestTargetID = 7200A11A1EB040B900E40245;
					};
					7200A1391EB040B900E40245 = {
						CreatedOnToolsVersion = 7.3.1;
						TestTargetID = 7200A11A1EB040B900E40245;
					};
				};
			};
			buildConfigurationList = 7200A1161EB040B900E40245 /* Build configuration list for PBXProject "jifenban2" */;
			compatibilityVersion = "Xcode 3.2";
			developmentRegion = English;
			hasScannedForEncodings = 0;
			knownRegions = (
				en,
				Base,
			);
			mainGroup = 7200A1121EB040B900E40245;
			productRefGroup = 7200A11C1EB040B900E40245 /* Products */;
			projectDirPath = "";
			projectRoot = "";
			targets = (
				7200A11A1EB040B900E40245 /* jifenban2 */,
				7200A12E1EB040B900E40245 /* jifenban2Tests */,
				7200A1391EB040B900E40245 /* jifenban2UITests */,
			);
		};
/* End PBXProject section */

/* Begin PBXResourcesBuildPhase section */
		7200A1191EB040B900E40245 /* Resources */ = {
			isa = PBXResourcesBuildPhase;
			buildActionMask = 2147483647;
			files = (
				7200A1291EB040B900E40245 /* LaunchScreen.storyboard in Resources */,
				7200A1261EB040B900E40245 /* Assets.xcassets in Resources */,
				7200A14D1EB0447B00E40245 /* timg.jpeg in Resources */,
				7200A1241EB040B900E40245 /* Main.storyboard in Resources */,
			);
			runOnlyForDeploymentPostprocessing = 0;
		};
		7200A12D1EB040B900E40245 /* Resources */ = {
			isa = PBXResourcesBuildPhase;
			buildActionMask = 2147483647;
			files = (
			);
			runOnlyForDeploymentPostprocessing = 0;
		};
		7200A1381EB040B900E40245 /* Resources */ = {
			isa = PBXResourcesBuildPhase;
			buildActionMask = 2147483647;
			files = (
			);
			runOnlyForDeploymentPostprocessing = 0;
		};
/* End PBXResourcesBuildPhase section */

/* Begin PBXSourcesBuildPhase section */
		7200A1171EB040B900E40245 /* Sources */ = {
			isa = PBXSourcesBuildPhase;
			buildActionMask = 2147483647;
			files = (
				7200A1211EB040B900E40245 /* ViewController.swift in Sources */,
				7200A11F1EB040B900E40245 /* AppDelegate.swift in Sources */,
			);
			runOnlyForDeploymentPostprocessing = 0;
		};
		7200A12B1EB040B900E40245 /* Sources */ = {
			isa = PBXSourcesBuildPhase;
			buildActionMask = 2147483647;
			files = (
				7200A1341EB040B900E40245 /* jifenban2Tests.swift in Sources */,
			);
			runOnlyForDeploymentPostprocessing = 0;
		};
		7200A1361EB040B900E40245 /* Sources */ = {
			isa = PBXSourcesBuildPhase;
			buildActionMask = 2147483647;
			files = (
				7200A13F1EB040B900E40245 /* jifenban2UITests.swift in Sources */,
			);
			runOnlyForDeploymentPostprocessing = 0;
		};
/* End PBXSourcesBuildPhase section */

/* Begin PBXTargetDependency section */
		7200A1311EB040B900E40245 /* PBXTargetDependency */ = {
			isa = PBXTargetDependency;
			target = 7200A11A1EB040B900E40245 /* jifenban2 */;
			targetProxy = 7200A1301EB040B900E40245 /* PBXContainerItemProxy */;
		};
		7200A13C1EB040B900E40245 /* PBXTargetDependency */ = {
			isa = PBXTargetDependency;
			target = 7200A11A1EB040B900E40245 /* jifenban2 */;
			targetProxy = 7200A13B1EB040B900E40245 /* PBXContainerItemProxy */;
		};
/* End PBXTargetDependency section */

/* Begin PBXVariantGroup section */
		7200A1221EB040B900E40245 /* Main.storyboard */ = {
			isa = PBXVariantGroup;
			children = (
				7200A1231EB040B900E40245 /* Base */,
			);
			name = Main.storyboard;
			sourceTree = "<group>";
		};
		7200A1271EB040B900E40245 /* LaunchScreen.storyboard */ = {
			isa = PBXVariantGroup;
			children = (
				7200A1281EB040B900E40245 /* Base */,
			);
			name = LaunchScreen.storyboard;
			sourceTree = "<group>";
		};
/* End PBXVariantGroup section */

/* Begin XCBuildConfiguration section */
		7200A1411EB040B900E40245 /* Debug */ = {
			isa = XCBuildConfiguration;
			buildSettings = {
				ALWAYS_SEARCH_USER_PATHS = NO;
				CLANG_ANALYZER_NONNULL = YES;
				CLANG_CXX_LANGUAGE_STANDARD = "gnu++0x";
				CLANG_CXX_LIBRARY = "libc++";
				CLANG_ENABLE_MODULES = YES;
				CLANG_ENABLE_OBJC_ARC = YES;
				CLANG_WARN_BOOL_CONVERSION = YES;
				CLANG_WARN_CONSTANT_CONVERSION = YES;
				CLANG_WARN_DIRECT_OBJC_ISA_USAGE = YES_ERROR;
				CLANG_WARN_EMPTY_BODY = YES;
				CLANG_WARN_ENUM_CONVERSION = YES;
				CLANG_WARN_INT_CONVERSION = YES;
				CLANG_WARN_OBJC_ROOT_CLASS = YES_ERROR;
				CLANG_WARN_UNREACHABLE_CODE = YES;
				CLANG_WARN__DUPLICATE_METHOD_MATCH = YES;
				"CODE_SIGN_IDENTITY[sdk=iphoneos*]" = "iPhone Developer";
				COPY_PHASE_STRIP = NO;
				DEBUG_INFORMATION_FORMAT = dwarf;
				ENABLE_STRICT_OBJC_MSGSEND = YES;
				ENABLE_TESTABILITY = YES;
				GCC_C_LANGUAGE_STANDARD = gnu99;
				GCC_DYNAMIC_NO_PIC = NO;
				GCC_NO_COMMON_BLOCKS = YES;
				GCC_OPTIMIZATION_LEVEL = 0;
				GCC_PREPROCESSOR_DEFINITIONS = (
					"DEBUG=1",
					"$(inherited)",
				);
				GCC_WARN_64_TO_32_BIT_CONVERSION = YES;
				GCC_WARN_ABOUT_RETURN_TYPE = YES_ERROR;
				GCC_WARN_UNDECLARED_SELECTOR = YES;
				GCC_WARN_UNINITIALIZED_AUTOS = YES_AGGRESSIVE;
				GCC_WARN_UNUSED_FUNCTION = YES;
				GCC_WARN_UNUSED_VARIABLE = YES;
				IPHONEOS_DEPLOYMENT_TARGET = 9.3;
				MTL_ENABLE_DEBUG_INFO = YES;
				ONLY_ACTIVE_ARCH = YES;
				SDKROOT = iphoneos;
				SWIFT_OPTIMIZATION_LEVEL = "-Onone";
				TARGETED_DEVICE_FAMILY = "1,2";
			};
			name = Debug;
		};
		7200A1421EB040B900E40245 /* Release */ = {
			isa = XCBuildConfiguration;
			buildSettings = {
				ALWAYS_SEARCH_USER_PATHS = NO;
				CLANG_ANALYZER_NONNULL = YES;
				CLANG_CXX_LANGUAGE_STANDARD = "gnu++0x";
				CLANG_CXX_LIBRARY = "libc++";
				CLANG_ENABLE_MODULES = YES;
				CLANG_ENABLE_OBJC_ARC = YES;
				CLANG_WARN_BOOL_CONVERSION = YES;
				CLANG_WARN_CONSTANT_CONVERSION = YES;
				CLANG_WARN_DIRECT_OBJC_ISA_USAGE = YES_ERROR;
				CLANG_WARN_EMPTY_BODY = YES;
				CLANG_WARN_ENUM_CONVERSION = YES;
				CLANG_WARN_INT_CONVERSION = YES;
				CLANG_WARN_OBJC_ROOT_CLASS = YES_ERROR;
				CLANG_WARN_UNREACHABLE_CODE = YES;
				CLANG_WARN__DUPLICATE_METHOD_MATCH = YES;
				"CODE_SIGN_IDENTITY[sdk=iphoneos*]" = "iPhone Developer";
				COPY_PHASE_STRIP = NO;
				DEBUG_INFORMATION_FORMAT = "dwarf-with-dsym";
				ENABLE_NS_ASSERTIONS = NO;
				ENABLE_STRICT_OBJC_MSGSEND = YES;
				GCC_C_LANGUAGE_STANDARD = gnu99;
				GCC_NO_COMMON_BLOCKS = YES;
				GCC_WARN_64_TO_32_BIT_CONVERSION = YES;
				GCC_WARN_ABOUT_RETURN_TYPE = YES_ERROR;
				GCC_WARN_UNDECLARED_SELECTOR = YES;
				GCC_WARN_UNINITIALIZED_AUTOS = YES_AGGRESSIVE;
				GCC_WARN_UNUSED_FUNCTION = YES;
				GCC_WARN_UNUSED_VARIABLE = YES;
				IPHONEOS_DEPLOYMENT_TARGET = 9.3;
				MTL_ENABLE_DEBUG_INFO = NO;
				SDKROOT = iphoneos;
				TARGETED_DEVICE_FAMILY = "1,2";
				VALIDATE_PRODUCT = YES;
			};
			name = Release;
		};
		7200A1441EB040B900E40245 /* Debug */ = {
			isa = XCBuildConfiguration;
			buildSettings = {
				ASSETCATALOG_COMPILER_APPICON_NAME = AppIcon;
				INFOPLIST_FILE = jifenban2/Info.plist;
				LD_RUNPATH_SEARCH_PATHS = "$(inherited) @executable_path/Frameworks";
				PRODUCT_BUNDLE_IDENTIFIER = a20151104688.jifenban2;
				PRODUCT_NAME = "$(TARGET_NAME)";
			};
			name = Debug;
		};
		7200A1451EB040B900E40245 /* Release */ = {
			isa = XCBuildConfiguration;
			buildSettings = {
				ASSETCATALOG_COMPILER_APPICON_NAME = AppIcon;
				INFOPLIST_FILE = jifenban2/Info.plist;
				LD_RUNPATH_SEARCH_PATHS = "$(inherited) @executable_path/Frameworks";
				PRODUCT_BUNDLE_IDENTIFIER = a20151104688.jifenban2;
				PRODUCT_NAME = "$(TARGET_NAME)";
			};
			name = Release;
		};
		7200A1471EB040B900E40245 /* Debug */ = {
			isa = XCBuildConfiguration;
			buildSettings = {
				BUNDLE_LOADER = "$(TEST_HOST)";
				INFOPLIST_FILE = jifenban2Tests/Info.plist;
				LD_RUNPATH_SEARCH_PATHS = "$(inherited) @executable_path/Frameworks @loader_path/Frameworks";
				PRODUCT_BUNDLE_IDENTIFIER = a20151104688.jifenban2Tests;
				PRODUCT_NAME = "$(TARGET_NAME)";
				TEST_HOST = "$(BUILT_PRODUCTS_DIR)/jifenban2.app/jifenban2";
			};
			name = Debug;
		};
		7200A1481EB040B900E40245 /* Release */ = {
			isa = XCBuildConfiguration;
			buildSettings = {
				BUNDLE_LOADER = "$(TEST_HOST)";
				INFOPLIST_FILE = jifenban2Tests/Info.plist;
				LD_RUNPATH_SEARCH_PATHS = "$(inherited) @executable_path/Frameworks @loader_path/Frameworks";
				PRODUCT_BUNDLE_IDENTIFIER = a20151104688.jifenban2Tests;
				PRODUCT_NAME = "$(TARGET_NAME)";
				TEST_HOST = "$(BUILT_PRODUCTS_DIR)/jifenban2.app/jifenban2";
			};
			name = Release;
		};
		7200A14A1EB040B900E40245 /* Debug */ = {
			isa = XCBuildConfiguration;
			buildSettings = {
				INFOPLIST_FILE = jifenban2UITests/Info.plist;
				LD_RUNPATH_SEARCH_PATHS = "$(inherited) @executable_path/Frameworks @loader_path/Frameworks";
				PRODUCT_BUNDLE_IDENTIFIER = a20151104688.jifenban2UITests;
				PRODUCT_NAME = "$(TARGET_NAME)";
				TEST_TARGET_NAME = jifenban2;
			};
			name = Debug;
		};
		7200A14B1EB040B900E40245 /* Release */ = {
			isa = XCBuildConfiguration;
			buildSettings = {
				INFOPLIST_FILE = jifenban2UITests/Info.plist;
				LD_RUNPATH_SEARCH_PATHS = "$(inherited) @executable_path/Frameworks @loader_path/Frameworks";
				PRODUCT_BUNDLE_IDENTIFIER = a20151104688.jifenban2UITests;
				PRODUCT_NAME = "$(TARGET_NAME)";
				TEST_TARGET_NAME = jifenban2;
			};
			name = Release;
		};
/* End XCBuildConfiguration section */

/* Begin XCConfigurationList section */
		7200A1161EB040B900E40245 /* Build configuration list for PBXProject "jifenban2" */ = {
			isa = XCConfigurationList;
			buildConfigurations = (
				7200A1411EB040B900E40245 /* Debug */,
				7200A1421EB040B900E40245 /* Release */,
			);
			defaultConfigurationIsVisible = 0;
			defaultConfigurationName = Release;
		};
		7200A1431EB040B900E40245 /* Build configuration list for PBXNativeTarget "jifenban2" */ = {
			isa = XCConfigurationList;
			buildConfigurations = (
				7200A1441EB040B900E40245 /* Debug */,
				7200A1451EB040B900E40245 /* Release */,
			);
			defaultConfigurationIsVisible = 0;
		};
		7200A1461EB040B900E40245 /* Build configuration list for PBXNativeTarget "jifenban2Tests" */ = {
			isa = XCConfigurationList;
			buildConfigurations = (
				7200A1471EB040B900E40245 /* Debug */,
				7200A1481EB040B900E40245 /* Release */,
			);
			defaultConfigurationIsVisible = 0;
		};
		7200A1491EB040B900E40245 /* Build configuration list for PBXNativeTarget "jifenban2UITests" */ = {
			isa = XCConfigurationList;
			buildConfigurations = (
				7200A14A1EB040B900E40245 /* Debug */,
				7200A14B1EB040B900E40245 /* Release */,
			);
			defaultConfigurationIsVisible = 0;
		};
/* End XCConfigurationList section */
	};
	rootObject = 7200A1131EB040B900E40245 /* Project object */;
}
